
Microsoft Visual Studio Solution File, Format Version 12.00
# Visual Studio Version 16
VisualStudioVersion = 16.0.29503.13
MinimumVisualStudioVersion = 10.0.40219.1
Project("{9A19103F-16F7-4668-BE54-9A1E7A4F7556}") = "DemoFormsProject", "DemoFormsProject\DemoFormsProject.csproj", "{EFE18DAC-3497-44F2-B740-8EFBF149C121}"
EndProject
Project("{FAE04EC0-301F-11D3-BF4B-00C04F79EFBC}") = "FormsDB", "FormsDB\FormsDB.csproj", "{1006A8EA-48F4-40A4-91F9-420533B90A1D}"
EndProject
Global
	GlobalSection(SolutionConfigurationPlatforms) = preSolution
		Debug|Any CPU = Debug|Any CPU
		Release|Any CPU = Release|Any CPU
	EndGlobalSection
	GlobalSection(ProjectConfigurationPlatforms) = postSolution
		{EFE18DAC-3497-44F2-B740-8EFBF149C121}.Debug|Any CPU.ActiveCfg = Debug|Any CPU
		{EFE18DAC-3497-44F2-B740-8EFBF149C121}.Debug|Any CPU.Build.0 = Debug|Any CPU
		{EFE18DAC-3497-44F2-B740-8EFBF149C121}.Release|Any CPU.ActiveCfg = Release|Any CPU
		{EFE18DAC-3497-44F2-B740-8EFBF149C121}.Release|Any CPU.Build.0 = Release|Any CPU
		{1006A8EA-48F4-40A4-91F9-420533B90A1D}.Debug|Any CPU.ActiveCfg = Debug|Any CPU
		{1006A8EA-48F4-40A4-91F9-420533B90A1D}.Debug|Any CPU.Build.0 = Debug|Any CPU
		{1006A8EA-48F4-40A4-91F9-420533B90A1D}.Release|Any CPU.ActiveCfg = Release|Any CPU
		{1006A8EA-48F4-40A4-91F9-420533B90A1D}.Release|Any CPU.Build.0 = Release|Any CPU
	EndGlobalSection
	GlobalSection(SolutionProperties) = preSolution
		HideSolutionNode = FALSE
	EndGlobalSection
	GlobalSection(ExtensibilityGlobals) = postSolution
		SolutionGuid = {8BB17740-DE0C-45AA-8AF5-FBBD946F7ABA}
	EndGlobalSection
EndGlobal
